# Exact pins of the bench venv (.venv-bench) that produced the green benchmark/bench/tests suite (2026-10-10).
# Rebuild: scripts/bootstrap_machine.sh (uv venv --python 3.12 .venv-bench && uv pip sync --python .venv-bench/bin/python benchmark/requirements-bench.lock).
# mlx + mlx-metal are pinned to the uv.lock version (0.32.3) rather than the 0.32.0 the venv had drifted to; see docs/lab-notebook.md 2026-10-10.
absl-py==2.4.0
aiohappyeyeballs==2.6.2
aiohttp==3.14.1
aiosignal==1.4.0
annotated-doc==0.0.4
annotated-types==0.7.0
anthropic==0.111.0
antlr4-python3-runtime==4.13.2
anyio==4.13.0
appdirs==1.4.4
argcomplete==3.6.3
astor==0.8.1
attrs==26.1.0
beautifulsoup4==4.15.0
bfcl-eval==2026.3.23
black==26.5.1
blake3==1.0.8
boto3==1.43.36
botocore==1.43.36
cachetools==7.1.4
cbor2==6.1.2
certifi==2026.4.22
cffi==2.0.0
charset-normalizer==3.4.7
click==8.3.3
cloudpickle==3.1.2
cohere==5.18.0
compressed-tensors==0.11.0
cryptography==49.0.0
cyclopts==4.18.0
dashscope==1.25.23
datamodel-code-generator==0.25.7
datasets==3.6.0
depyf==0.19.0
detect-agent==0.3.0
detect-installer==0.1.0
dill==0.3.8
diskcache==5.6.3
distro==1.9.0
dnspython==2.8.0
docstring-parser==0.18.0
dotenv==0.9.9
einops==0.8.2
email-validator==2.3.0
eval-type-backport==0.4.0
evalplus==0.3.1
faiss-cpu==1.11.0
fastapi==0.136.3
fastapi-cli==0.0.27
fastapi-cloud-cli==0.20.0
fastar==0.11.0
fastavro==1.12.2
filelock==3.29.0
fire==0.7.1
frozendict==2.4.7
frozenlist==1.8.0
fsspec==2026.2.0
genson==1.3.0
gguf==0.19.0
google-ai-generativelanguage==0.6.15
google-api-core==2.31.0
google-api-python-client==2.197.0
google-auth==2.55.0
google-auth-httplib2==0.4.0
google-genai==2.9.0
google-generativeai==0.8.6
google-search-results==2.4.2
googleapis-common-protos==1.75.0
grpcio==1.81.1
grpcio-status==1.71.2
h11==0.16.0
hf-xet==1.4.3
html2text==2025.4.15
httpcore==1.0.9
httplib2==0.31.2
httptools==0.7.1
httpx==0.28.1
httpx-sse==0.4.0
huggingface-hub==1.12.0
idna==3.13
immutabledict==4.3.1
inflect==5.6.2
iniconfig==2.3.0
interegular==0.3.3
isort==5.13.2
jinja2==3.1.6
jiter==0.15.0
jmespath==1.1.0
joblib==1.5.3
json-repair==0.59.5
json5==0.15.0
jsonlines==4.0.0
jsonschema==4.26.0
jsonschema-specifications==2025.9.1
langdetect==1.0.9
lark==1.2.2
latex2sympy2-extended==1.11.0
llguidance==1.7.5
llvmlite==0.44.0
lm-format-enforcer==0.11.3
markdown-it-py==4.0.0
markupsafe==3.0.3
math-verify==0.9.0
mdurl==0.1.2
miniaudio==1.70
mistral-common==1.11.3
mistralai==1.7.0
mlx==0.32.3
mlx-audio==0.4.8
mlx-lm==0.31.3
mlx-metal==0.32.3
-e ./src/mlx-serve
-e ./src/mlx-vlm
mpmath==1.3.0
msgpack==1.2.1
msgspec==0.21.1
multidict==6.7.1
multipledispatch==1.0.0
multiprocess==0.70.16
mypy-extensions==1.1.0
narwhals==2.22.1
networkx==3.3
ninja==1.13.0
nltk==3.9.4
numba==0.61.2
numpy==2.3.5
openai==2.43.0
openai-harmony==0.0.8
opencv-python==4.13.0.92
opencv-python-headless==4.13.0.92
orjson==3.10.18
outlines-core==0.2.11
overrides==7.7.0
packaging==26.2
pandas==3.0.3
partial-json-parser==0.2.1.1.post7
pathspec==1.1.1
pebble==5.2.0
pillow==12.2.0
platformdirs==4.10.0
pluggy==1.6.0
prometheus-client==0.25.0
prometheus-fastapi-instrumentator==8.0.0
propcache==0.5.2
proto-plus==1.28.0
protobuf==7.34.1
psutil==7.2.2
py-cpuinfo==9.0.0
pyarrow==24.0.0
pyasn1==0.6.3
pyasn1-modules==0.4.2
pybase64==1.4.3
pycountry==26.2.16
pycparser==3.0
pydantic==2.13.3
pydantic-core==2.46.3
pydantic-extra-types==2.11.1
pydantic-settings==2.14.2
pygments==2.20.0
pyparsing==3.3.2
pytest==9.1.1
pytest-asyncio==1.4.0
python-dateutil==2.9.0.post0
python-dotenv==1.2.2
python-json-logger==4.1.0
python-multipart==0.0.24
pytokens==0.4.1
pyyaml==6.0.3
pyzmq==27.1.0
qwen-agent==0.0.34
rank-bm25==0.2.2
ray==2.55.1
referencing==0.37.0
regex==2026.4.4
requests==2.33.1
rich==14.3.4
rich-rst==2.0.1
rich-toolkit==0.20.1
rignore==0.7.6
rpds-py==2026.5.1
s3transfer==0.19.0
safetensors==0.8.0
scikit-learn==1.9.0
scipy==1.17.1
sentence-transformers==5.6.0
sentencepiece==0.2.1
sentry-sdk==2.63.0
setproctitle==1.3.7
setuptools==79.0.1
shellingham==1.5.4
six==1.17.0
sniffio==1.3.1
sounddevice==0.5.5
soundfile==0.14.0
soupsieve==2.8.4
soxr==1.1.0
starlette==1.2.1
stop-sequencer==1.2.3
sympy==1.14.0
tabulate==0.10.0
tempdir==0.7.1
tenacity==9.1.4
termcolor==3.3.0
threadpoolctl==3.6.0
tiktoken==0.13.0
together==2.16.1
tokenizers==0.22.2
torch==2.8.0
torchaudio==2.8.0
torchvision==0.23.0
tqdm==4.67.3
transformers==5.15.0
tree-sitter==0.21.3
tree-sitter-java==0.21.0
tree-sitter-javascript==0.21.4
tree-sitter-python==0.25.0
typer==0.25.0
types-pyyaml==6.0.12.20260518
types-requests==2.33.0.20260518
types-tabulate==0.10.0.20260508
types-tqdm==4.68.0.20260608
typing-extensions==4.15.0
typing-inspection==0.4.2
uritemplate==4.2.0
urllib3==2.6.3
uvicorn==0.39.0
uvloop==0.22.1
vllm==0.11.0
watchfiles==1.1.1
websocket-client==1.9.0
websockets==16.0
wget==3.2
writer-sdk==3.0.0
xgrammar==0.1.25
xxhash==3.7.0
yarl==1.24.2
